{
  "name": "dep-graph-local",
  "version": "1.0.0",
  "lockfileVersion": 3,
  "requires": true,
  "packages": {
    "": {
      "name": "dep-graph-local",
      "version": "1.0.0",
      "dependencies": {
        "consumer-a": "file:packages/consumer-a",
        "peer-a": "file:packages/peer-a",
        "prod-a": "file:packages/prod-a"
      },
      "devDependencies": {
        "dev-a": "file:packages/dev-a"
      },
      "optionalDependencies": {
        "opt-a": "file:packages/opt-a"
      }
    },
    "node_modules/consumer-a": {
      "resolved": "packages/consumer-a",
      "link": true
    },
    "node_modules/dev-a": {
      "resolved": "packages/dev-a",
      "link": true
    },
    "node_modules/opt-a": {
      "resolved": "packages/opt-a",
      "link": true
    },
    "node_modules/peer-a": {
      "resolved": "packages/peer-a",
      "link": true
    },
    "node_modules/prod-a": {
      "resolved": "packages/prod-a",
      "link": true
    },
    "packages/consumer-a": {
      "version": "1.0.0",
      "dependencies": {
        "prod-a": "file:../prod-a"
      },
      "optionalDependencies": {
        "opt-a": "file:../opt-a"
      },
      "peerDependencies": {
        "peer-a": "*"
      }
    },
    "packages/dev-a": {
      "version": "1.0.0",
      "dev": true
    },
    "packages/opt-a": {
      "version": "1.0.0",
      "optional": true
    },
    "packages/peer-a": {
      "version": "1.0.0"
    },
    "packages/prod-a": {
      "version": "1.0.0"
    }
  }
}
