{
  "name": "workspace-split-resolve",
  "version": "1.0.0",
  "lockfileVersion": 3,
  "requires": true,
  "packages": {
    "": {
      "name": "workspace-split-resolve",
      "version": "1.0.0",
      "dependencies": {
        "a": "file:packages/a",
        "b": "file:packages/b"
      }
    },
    "node_modules/a": {
      "resolved": "packages/a",
      "link": true
    },
    "node_modules/b": {
      "resolved": "packages/b",
      "link": true
    },
    "node_modules/x": {
      "resolved": "packages/x1",
      "link": true
    },
    "packages/a": {
      "version": "1.0.0",
      "dependencies": {
        "x": "file:../x1"
      }
    },
    "packages/b": {
      "version": "1.0.0",
      "dependencies": {
        "x": "file:../x2"
      }
    },
    "packages/b/node_modules/x": {
      "resolved": "packages/x2",
      "link": true
    },
    "packages/x1": {
      "name": "x",
      "version": "1.0.0"
    },
    "packages/x2": {
      "name": "x",
      "version": "2.0.0"
    }
  }
}
